
Microsoft Visual Studio Solution File, Format Version 12.00
# Visual Studio Version 16
VisualStudioVersion = 16.0.30011.22
MinimumVisualStudioVersion = 10.0.40219.1
Project("{FAE04EC0-301F-11D3-BF4B-00C04F79EFBC}") = "DynamicPOS", "ReturnMedicalSystem\DynamicPOS.csproj", "{89F8D8B6-9107-4EEA-913A-ED102B325FA9}"
EndProject
Project("{54435603-DBB4-11D2-8724-00A0C9A8B90C}") = "POS System", "POS System\POS System.vdproj", "{ECCE7CEA-107D-4C9D-A1EB-F576AFBA1275}"
EndProject
Global
	GlobalSection(SolutionConfigurationPlatforms) = preSolution
		Debug|Any CPU = Debug|Any CPU
		Release|Any CPU = Release|Any CPU
	EndGlobalSection
	GlobalSection(ProjectConfigurationPlatforms) = postSolution
		{89F8D8B6-9107-4EEA-913A-ED102B325FA9}.Debug|Any CPU.ActiveCfg = Debug|Any CPU
		{89F8D8B6-9107-4EEA-913A-ED102B325FA9}.Debug|Any CPU.Build.0 = Debug|Any CPU
		{89F8D8B6-9107-4EEA-913A-ED102B325FA9}.Release|Any CPU.ActiveCfg = Release|Any CPU
		{89F8D8B6-9107-4EEA-913A-ED102B325FA9}.Release|Any CPU.Build.0 = Release|Any CPU
		{ECCE7CEA-107D-4C9D-A1EB-F576AFBA1275}.Debug|Any CPU.ActiveCfg = Debug
		{ECCE7CEA-107D-4C9D-A1EB-F576AFBA1275}.Release|Any CPU.ActiveCfg = Release
	EndGlobalSection
	GlobalSection(SolutionProperties) = preSolution
		HideSolutionNode = FALSE
	EndGlobalSection
	GlobalSection(ExtensibilityGlobals) = postSolution
		SolutionGuid = {138B71D7-1B29-4EB6-83A5-0AD5F878513B}
	EndGlobalSection
EndGlobal
